
Microsoft Visual Studio Solution File, Format Version 12.00
# Visual Studio Version 17
VisualStudioVersion = 17.5.33627.172
MinimumVisualStudioVersion = 10.0.40219.1
Project("{FAE04EC0-301F-11D3-BF4B-00C04F79EFBC}") = "MONO", "MONO\MONO.csproj", "{8ED9456E-7636-4D3C-8170-56D59CE97B6B}"
EndProject
Global
	GlobalSection(SolutionConfigurationPlatforms) = preSolution
		Debug|Any CPU = Debug|Any CPU
		Release|Any CPU = Release|Any CPU
	EndGlobalSection
	GlobalSection(ProjectConfigurationPlatforms) = postSolution
		{8ED9456E-7636-4D3C-8170-56D59CE97B6B}.Debug|Any CPU.ActiveCfg = Debug|Any CPU
		{8ED9456E-7636-4D3C-8170-56D59CE97B6B}.Debug|Any CPU.Build.0 = Debug|Any CPU
		{8ED9456E-7636-4D3C-8170-56D59CE97B6B}.Release|Any CPU.ActiveCfg = Release|Any CPU
		{8ED9456E-7636-4D3C-8170-56D59CE97B6B}.Release|Any CPU.Build.0 = Release|Any CPU
	EndGlobalSection
	GlobalSection(SolutionProperties) = preSolution
		HideSolutionNode = FALSE
	EndGlobalSection
	GlobalSection(ExtensibilityGlobals) = postSolution
		SolutionGuid = {B3B7EA8B-736E-4F7A-8F4D-428F41C3EA67}
	EndGlobalSection
EndGlobal
